# THIS IS AN AUTOGENERATED FILE. DO NOT EDIT THIS FILE DIRECTLY.
# yarn lockfile v1


"@jvitela/mustache-wax@^1.0.4":
  version "1.0.4"
  resolved "https://registry.yarnpkg.com/@jvitela/mustache-wax/-/mustache-wax-1.0.4.tgz#18c54e8dc9793e01515674beadf80bd1dfb1dd29"
  integrity sha512-cGugVYp0WO7w89KQlyyt2rQyCO5MbrKeqtIAkG8oBfOaiHoeGeKG7WYdBFHftvoZUuK4WFbWyn3hgFipdetC+Q==

"@types/fs-extra@>=11":
  version "11.0.4"
  resolved "https://registry.yarnpkg.com/@types/fs-extra/-/fs-extra-11.0.4.tgz#e16a863bb8843fba8c5004362b5a73e17becca45"
  integrity sha512-yTbItCNreRooED33qjunPthRcSjERP1r4MqCZc7wv0u2sUkzTFp45tgUfS5+r7FrZPdmCCNflLhVSP/o+SemsQ==
  dependencies:
    "@types/jsonfile" "*"
    "@types/node" "*"

"@types/jsonfile@*":
  version "6.1.4"
  resolved "https://registry.yarnpkg.com/@types/jsonfile/-/jsonfile-6.1.4.tgz#614afec1a1164e7d670b4a7ad64df3e7beb7b702"
  integrity sha512-D5qGUYwjvnNNextdU59/+fI+spnwtTFmyQP0h+PfIOSkNfpU6AOICUOkm4i0OnSk+NyjdPJrxCDro0sJsWlRpQ==
  dependencies:
    "@types/node" "*"

"@types/node@*", "@types/node@>=20":
  version "22.10.3"
  resolved "https://registry.yarnpkg.com/@types/node/-/node-22.10.3.tgz#cdc2a89bf6e5d5e593fad08e83f74d7348d5dd10"
  integrity sha512-DifAyw4BkrufCILvD3ucnuN8eydUfc/C1GlyrnI+LK6543w5/L3VeVgf05o3B4fqSXP1dKYLOZsKfutpxPzZrw==
  dependencies:
    undici-types "~6.20.0"

change-case@^5.4.4:
  version "5.4.4"
  resolved "https://registry.yarnpkg.com/change-case/-/change-case-5.4.4.tgz#0d52b507d8fb8f204343432381d1a6d7bff97a02"
  integrity sha512-HRQyTk2/YPEkt9TnUPbOpr64Uw3KOicFWPVBb+xiHvd6eBx/qPr9xqfBFDT8P2vWsvvz4jbEkfDe71W3VyNu2w==

mustache@^4.2.0:
  version "4.2.0"
  resolved "https://registry.yarnpkg.com/mustache/-/mustache-4.2.0.tgz#e5892324d60a12ec9c2a73359edca52972bf6f64"
  integrity sha512-71ippSywq5Yb7/tVYyGbkBggbU8H3u5Rz56fH60jGFgr8uHwxs+aSKeqmluIVzM0m0kB7xQjKS6qPfd0b2ZoqQ==

undici-types@~6.20.0:
  version "6.20.0"
  resolved "https://registry.yarnpkg.com/undici-types/-/undici-types-6.20.0.tgz#8171bf22c1f588d1554d55bf204bc624af388433"
  integrity sha512-Ny6QZ2Nju20vw1SRHe3d9jVu6gJ+4e3+MMpqu7pqE5HT6WsTSlce++GQmK5UXS8mzV8DSYHrQH+Xrf2jVcuKNg==

zx@^8.1.3:
  version "8.3.0"
  resolved "https://registry.yarnpkg.com/zx/-/zx-8.3.0.tgz#5a4750662041c5990fad1abd02743208c6555b6b"
  integrity sha512-L8mY3yfJwo3a8ZDD6f9jZzAcRWJZYcV8GauZmBxLB/aSTwaMzMIEVpPp2Kyx+7yF0gdvuxKnMxAZRft9UCawiw==
  optionalDependencies:
    "@types/fs-extra" ">=11"
    "@types/node" ">=20"
